# This file is autogenerated, do not edit; changes may be undone by the next 'dep ensure'.


[[projects]]
  digest = "1:5d3e23515e7916c152cc665eda0f7eaf6fdf8fdfe7c3dbac97049bcbd649b33f"
  name = "github.com/Knetic/govaluate"
  packages = ["."]
  pruneopts = "UT"
  revision = "d216395917cc49052c7c7094cf57f09657ca08a8"
  version = "v3.0.0"

[[projects]]
  digest = "1:d3d1f7bfcaaa5cc56c36d010937e28d1c6c38810b95086cd445eb433b83cbf75"
  name = "github.com/casbin/casbin"
  packages = [
    ".",
    "config",
    "effect",
    "errors",
    "log",
    "model",
    "persist",
    "persist/file-adapter",
    "rbac",
    "rbac/default-role-manager",
    "util",
  ]
  pruneopts = "UT"
  revision = "aaed1b7a7eac65d37ec4e15e308429fdf0bd6a9e"
  version = "v1.9.1"

[[projects]]
  digest = "1:434aab943cc1c082c9df36bd4b1f107d9ef4af930d2ce13d3f2eb008df9196f0"
  name = "github.com/flosch/pongo2"
  packages = ["."]
  pruneopts = "UT"
  revision = "5e81b817a0c48c1c57cdf1a9056cf76bdee02ca9"
  version = "v3.0"

[[projects]]
  digest = "1:a3af33fd30536d9c5a7b6ad542390919e57c1125097a194c7b3d9904109a0611"
  name = "github.com/go-sql-driver/mysql"
  packages = ["."]
  pruneopts = "UT"
  revision = "17ef3dd9d98b69acec3e85878995ada9533a9370"
  version = "v1.5.0"

[[projects]]
  digest = "1:6a539f22990dee302ae4ce63f29eae68061a546c4f30d75b2c4e7266c5619ce3"
  name = "github.com/inconshreveable/log15"
  packages = ["term"]
  pruneopts = "UT"
  revision = "b30bc20e4fd12cec79a9aae62e91cfcf458bd253"
  version = "v2.15"

[[projects]]
  digest = "1:c030dc3adab65a208cec23f7c0b7af94d82b285acceb0d968a0b5aa40dc4d3f3"
  name = "github.com/jinzhu/gorm"
  packages = [
    ".",
    "dialects/mysql",
    "dialects/postgres",
    "dialects/sqlite",
  ]
  pruneopts = "UT"
  revision = "79a77d771dee4e4b60e9c543e8663bbc80466670"
  version = "v1.9.12"

[[projects]]
  digest = "1:01ed62f8f4f574d8aff1d88caee113700a2b44c42351943fa73cc1808f736a50"
  name = "github.com/jinzhu/inflection"
  packages = ["."]
  pruneopts = "UT"
  revision = "f5c5f50e6090ae76a29240b61ae2a90dd810112e"
  version = "v1.0.0"

[[projects]]
  digest = "1:6dbdb48005dbf5814c8a9ccf12fc25a4f1c2c19d6261815c5b16558fe489afe8"
  name = "github.com/klauspost/compress"
  packages = [
    "flate",
    "gzip",
    "zlib",
  ]
  pruneopts = "UT"
  revision = "4a2d40e4b07e5b3d333bc0569facd0f2dbf4ef39"
  version = "v1.10.5"

[[projects]]
  branch = "master"
  digest = "1:a7fc52742a5d011497b6a24024c857d260f809083424cd84110c9e40c34f64fc"
  name = "github.com/lann/builder"
  packages = ["."]
  pruneopts = "UT"
  revision = "47ae307949d02aa1f1069fdafc00ca08e1dbabac"

[[projects]]
  branch = "master"
  digest = "1:225499d25a9f1486f3b77cdc4f7d6590c506c3839bb9d8497113f6d19676d54a"
  name = "github.com/lann/ps"
  packages = ["."]
  pruneopts = "UT"
  revision = "62de8c46ede02a7675c4c79c84883eb164cb71e3"

[[projects]]
  digest = "1:2f82381f52cda40c03cc3ecaecdd8044b69b561b3281d1e6211b3f3be35fd712"
  name = "github.com/lib/pq"
  packages = [
    ".",
    "hstore",
    "oid",
    "scram",
  ]
  pruneopts = "UT"
  revision = "11720195feb4140252d89ec87e6ec66810ca708b"
  version = "v1.4.0"

[[projects]]
  digest = "1:0109cf4321a15313ec895f42e723e1f76121c6975ea006abfa20012272ec0937"
  name = "github.com/mattn/go-colorable"
  packages = ["."]
  pruneopts = "UT"
  revision = "68e95eba382c972aafde02ead2cd2426a8a92480"
  version = "v0.1.6"

[[projects]]
  digest = "1:0c58d31abe2a2ccb429c559b6292e7df89dcda675456fecc282fa90aa08273eb"
  name = "github.com/mattn/go-isatty"
  packages = ["."]
  pruneopts = "UT"
  revision = "7b513a986450394f7bbf1476909911b3aa3a55ce"
  version = "v0.0.12"

[[projects]]
  digest = "1:e2ac6e4ee843b2001b6c3a7801180ea3f7fa6d61fb917ca7dde15e26ef02a082"
  name = "github.com/mattn/go-sqlite3"
  packages = ["."]
  pruneopts = "UT"
  revision = "9bdaffc12bf8be15afceb51bb60851edd4afdff5"
  version = "v2.0.3"

[[projects]]
  digest = "1:99ed3ba8d1d8b6afc6ef4503594020c3513851e22b7a58fdc903f2f6d1d2f795"
  name = "github.com/newrelic/go-agent"
  packages = [
    ".",
    "internal",
    "internal/cat",
    "internal/jsonx",
    "internal/logger",
    "internal/sysinfo",
    "internal/utilization",
  ]
  pruneopts = "UT"
  revision = "b9b65ab3d35fb31361c9869fa0788cdb60dc0f4e"
  version = "v3.4.0"

[[projects]]
  digest = "1:97be06856202c34527ba0e5dace6696d90b521ace0a1d8fe0000e6cc23203e8b"
  name = "github.com/revel/config"
  packages = ["."]
  pruneopts = "UT"
  revision = "a81c4105c36841d27e529f875b6062da7b8f986c"
  version = "v0.21.0"

[[projects]]
  digest = "1:12301cb9a567a67034af5dbe40b40306a3457c935789817acc7730a19a882263"
  name = "github.com/revel/cron"
  packages = ["."]
  pruneopts = "UT"
  revision = "483223747f6b728cfe1b327fe05b2fa4dd456b27"
  version = "v1"

[[projects]]
  digest = "1:ad5e66a907bb1fbbca353c08c40a099e96daacc5761f7dc1e3293ab64b2f3d2e"
  name = "github.com/revel/log15"
  packages = ["."]
  pruneopts = "UT"
  revision = "793412a67da6f8d15fede4c38f5c66272478cb8a"
  version = "v2.11.20"

[[projects]]
  digest = "1:22b6dab2f224fb87e5580963a57172f7417f0ba79f0d2a733d43c6ab9c63d4a6"
  name = "github.com/revel/modules"
  packages = ["auth/basic"]
  pruneopts = "UT"
  revision = "a50f5f138880b68aef235a7c1f3f09ba56b71d45"
  version = "v0.21.0"

[[projects]]
  branch = "master"
  digest = "1:a0812e773563f2e41afebf582088a86b0f01eb5bd794c19ecc1bce25820b1fa2"
  name = "github.com/revel/pathtree"
  packages = ["."]
  pruneopts = "UT"
  revision = "41257a1839e945fce74afd070e02bab2ea2c776a"

[[projects]]
  digest = "1:ef5e3a0a30003e31625b6d0954565f0f9d21797ff22a456d73ba138f62873310"
  name = "github.com/revel/revel"
  packages = [
    ".",
    "logger",
    "model",
    "session",
    "testing",
    "utils",
  ]
  pruneopts = "UT"
  revision = "a3d7a7c23ca885cc5036d3641ede49ce4a14ee2e"
  version = "v0.21.0"

[[projects]]
  branch = "master"
  digest = "1:4262ea367f180f3865bad721123c6eefb389762190b3c90de6f7723fbe5ca6f2"
  name = "github.com/tamurayoshiya/gls"
  packages = ["."]
  pruneopts = "UT"
  revision = "e606233f194d6c314156dc6a35f21a42a470c6f6"

[[projects]]
  digest = "1:11652f0340e67f0efa9fb999c77d9225d5b5a2b30e482ec6c1faa9e200d73fbb"
  name = "github.com/tamurayoshiya/modules"
  packages = [
    "auth/basic",
    "auth/basic/driver/secret",
    "jobs/app/jobs",
    "orm/gorm/app",
    "orm/gorp/app",
    "server-engine/newrelic",
    "static/app/model",
  ]
  pruneopts = "UT"
  revision = "121e3ecb4d9747e0560e1543c860f145b96cba33"
  version = "v0.21.0"

[[projects]]
  digest = "1:8f41bbca0d6435bb54d7c090336f7693942cda30f9126eaf3959b8df48721ac3"
  name = "github.com/twinj/uuid"
  packages = ["."]
  pruneopts = "UT"
  revision = "835a10bbd6bce40820349a68b1368a62c3c5617c"
  version = "v1.0.0"

[[projects]]
  digest = "1:c468422f334a6b46a19448ad59aaffdfc0a36b08fdcc1c749a0b29b6453d7e59"
  name = "github.com/valyala/bytebufferpool"
  packages = ["."]
  pruneopts = "UT"
  revision = "e746df99fe4a3986f4d4f79e13c1e0117ce9c2f7"
  version = "v1.0.0"

[[projects]]
  digest = "1:6301ec20b1f40ce8463de7ad70ce75e6dce197bae76cb129c2cfdf4ec53ca62a"
  name = "github.com/valyala/fasthttp"
  packages = [
    ".",
    "fasthttputil",
    "reuseport",
    "stackless",
  ]
  pruneopts = "UT"
  revision = "e5f51c11919d4f66400334047b897ef0a94c6f3c"
  version = "v20180529"

[[projects]]
  branch = "master"
  digest = "1:8507835fade46d48a94828b351e1f8fb83df1aa65ba1e67c9493b0a1b47abc73"
  name = "github.com/valyala/tcplisten"
  packages = ["."]
  pruneopts = "UT"
  revision = "ceec8f93295a060cdb565ec25e4ccf17941dbd55"

[[projects]]
  digest = "1:ffa6bd15109b4ad04ed01419ca6c0cf6e41afb335d84b68bb1251b24ec2353a2"
  name = "github.com/xeonx/timeago"
  packages = ["."]
  pruneopts = "UT"
  revision = "4e7d8c1f9a433881f64a7f87f51e494186857982"
  version = "v1.0.0-rc4"

[[projects]]
  digest = "1:9027c04a37010d3440f2474c7ee6dfc926b88dee07a764fe6f8d308c82e47e07"
  name = "github.com/yosssi/ace"
  packages = ["."]
  pruneopts = "UT"
  revision = "ea038f4770b6746c3f8f84f14fa60d9fe1205b56"
  version = "v0.0.5"

[[projects]]
  branch = "master"
  digest = "1:9d5b5d543996dd584da1db1e0de1926f3e4c3a8dba0fa2f8db70f3ebee2342e0"
  name = "golang.org/x/crypto"
  packages = [
    "bcrypt",
    "blowfish",
  ]
  pruneopts = "UT"
  revision = "729f1e841bcca28c2cd9f4034d6f7672604dbeda"

[[projects]]
  branch = "master"
  digest = "1:7d9f75ab9c0f1fd097d3213059c545392f17189bad556640b31fb4c958dd473b"
  name = "golang.org/x/net"
  packages = ["websocket"]
  pruneopts = "UT"
  revision = "ff2c4b7c35a07b0c1e90ce72aa7bfe41bb66a3cb"

[[projects]]
  branch = "master"
  digest = "1:f7409593222992887ce91e3a437f3001557af55100a4447e74f72aa904fcbb5d"
  name = "golang.org/x/sys"
  packages = ["unix"]
  pruneopts = "UT"
  revision = "593003d681fa6bf81a6affb4ef4129684af97f9c"

[[projects]]
  digest = "1:971d42403bff1a4ce6e2577791ce6b780cced85e655b31a9f9b9ce28d08c628e"
  name = "gopkg.in/Masterminds/squirrel.v1"
  packages = ["."]
  pruneopts = "UT"
  revision = "59c11a6b2dd511b675939075e5d34d461a4f9f6d"
  version = "v1.2.0"

[[projects]]
  digest = "1:80057945464ffb5b0da1f026beb8df0e8dbd098eaf771a349291bed2cd29a83e"
  name = "gopkg.in/fsnotify/fsnotify.v1"
  packages = ["."]
  pruneopts = "UT"
  revision = "45d7d09e39ef4ac08d493309fa031790c15bfe8a"
  version = "v1.4.9"

[[projects]]
  digest = "1:29535c431e10c6ed7c8720e3bc70442e7d4c773047b850af74ccb90ce7bffb0c"
  name = "gopkg.in/gorp.v2"
  packages = ["."]
  pruneopts = "UT"
  revision = "03c0a1b1694b62e7517bd2282d485bae5d9cd314"
  version = "v2.2.0"

[[projects]]
  digest = "1:c805e517269b0ba4c21ded5836019ed7d16953d4026cb7d00041d039c7906be9"
  name = "gopkg.in/natefinch/lumberjack.v2"
  packages = ["."]
  pruneopts = "UT"
  revision = "a96e63847dc3c67d17befa69c303767e2f84e54f"
  version = "v2.1"

[[projects]]
  branch = "v0"
  digest = "1:00d2943cfcfbb3dc043f6d8586d0db5a9e8507c36429babe8d5d1af8ee43a753"
  name = "gopkg.in/stack.v0"
  packages = ["."]
  pruneopts = "UT"
  revision = "9b43fcefddd0178abdabf4d484ab0d695d0011db"

[solve-meta]
  analyzer-name = "dep"
  analyzer-version = 1
  input-imports = [
    "github.com/casbin/casbin",
    "github.com/casbin/casbin/model",
    "github.com/casbin/casbin/persist",
    "github.com/casbin/casbin/util",
    "github.com/flosch/pongo2",
    "github.com/go-sql-driver/mysql",
    "github.com/jinzhu/gorm",
    "github.com/jinzhu/gorm/dialects/mysql",
    "github.com/jinzhu/gorm/dialects/postgres",
    "github.com/jinzhu/gorm/dialects/sqlite",
    "github.com/newrelic/go-agent",
    "github.com/revel/cron",
    "github.com/revel/revel",
    "github.com/revel/revel/logger",
    "github.com/revel/revel/session",
    "github.com/revel/revel/testing",
    "github.com/revel/revel/utils",
    "github.com/tamurayoshiya/gls",
    "github.com/tamurayoshiya/modules/auth/basic",
    "github.com/tamurayoshiya/modules/auth/basic/driver/secret",
    "github.com/tamurayoshiya/modules/jobs/app/jobs",
    "github.com/tamurayoshiya/modules/orm/gorm/app",
    "github.com/tamurayoshiya/modules/orm/gorp/app",
    "github.com/tamurayoshiya/modules/server-engine/newrelic",
    "github.com/tamurayoshiya/modules/static/app/model",
    "github.com/valyala/fasthttp",
    "github.com/valyala/fasthttp/reuseport",
    "github.com/yosssi/ace",
    "golang.org/x/crypto/bcrypt",
    "golang.org/x/net/websocket",
    "gopkg.in/Masterminds/squirrel.v1",
    "gopkg.in/gorp.v2",
  ]
  solver-name = "gps-cdcl"
  solver-version = 1
